// !$*UTF8*$!
{
	archiveVersion = 1;
	classes = {
	};
	objectVersion = 56;
	objects = {

/* Begin PBXBuildFile section */
		A661DD9D28FED78D0080E74C /* AppDelegate.swift in Sources */ = {isa = PBXBuildFile; fileRef = A661DD9C28FED78D0080E74C /* AppDelegate.swift */; };
		A661DDA628FED78E0080E74C /* Assets.xcassets in Resources */ = {isa = PBXBuildFile; fileRef = A661DDA528FED78E0080E74C /* Assets.xcassets */; };
		A661DDA928FED78E0080E74C /* LaunchScreen.storyboard in Resources */ = {isa = PBXBuildFile; fileRef = A661DDA728FED78E0080E74C /* LaunchScreen.storyboard */; };
		A661DDB328FED8380080E74C /* InputViewController.swift in Sources */ = {isa = PBXBuildFile; fileRef = A661DDB128FED8380080E74C /* InputViewController.swift */; };
		A661DDB428FED8380080E74C /* InputViewController.xib in Resources */ = {isa = PBXBuildFile; fileRef = A661DDB228FED8380080E74C /* InputViewController.xib */; };
		A661DDB828FED9E40080E74C /* DetailViewController.swift in Sources */ = {isa = PBXBuildFile; fileRef = A661DDB628FED9E40080E74C /* DetailViewController.swift */; };
		A661DDB928FED9E40080E74C /* DetailViewController.xib in Resources */ = {isa = PBXBuildFile; fileRef = A661DDB728FED9E40080E74C /* DetailViewController.xib */; };
		A661DDBC28FEE0320080E74C /* Person.swift in Sources */ = {isa = PBXBuildFile; fileRef = A661DDBB28FEE0320080E74C /* Person.swift */; };
/* End PBXBuildFile section */

/* Begin PBXFileReference section */
		A661DD9928FED78D0080E74C /* ThucHanhPassData.app */ = {isa = PBXFileReference; explicitFileType = wrapper.application; includeInIndex = 0; path = ThucHanhPassData.app; sourceTree = BUILT_PRODUCTS_DIR; };
		A661DD9C28FED78D0080E74C /* AppDelegate.swift */ = {isa = PBXFileReference; lastKnownFileType = sourcecode.swift; path = AppDelegate.swift; sourceTree = "<group>"; };
		A661DDA528FED78E0080E74C /* Assets.xcassets */ = {isa = PBXFileReference; lastKnownFileType = folder.assetcatalog; path = Assets.xcassets; sourceTree = "<group>"; };
		A661DDA828FED78E0080E74C /* Base */ = {isa = PBXFileReference; lastKnownFileType = file.storyboard; name = Base; path = Base.lproj/LaunchScreen.storyboard; sourceTree = "<group>"; };
		A661DDAA28FED78E0080E74C /* Info.plist */ = {isa = PBXFileReference; lastKnownFileType = text.plist.xml; path = Info.plist; sourceTree = "<group>"; };
		A661DDB128FED8380080E74C /* InputViewController.swift */ = {isa = PBXFileReference; lastKnownFileType = sourcecode.swift; path = InputViewController.swift; sourceTree = "<group>"; };
		A661DDB228FED8380080E74C /* InputViewController.xib */ = {isa = PBXFileReference; lastKnownFileType = file.xib; path = InputViewController.xib; sourceTree = "<group>"; };
		A661DDB628FED9E40080E74C /* DetailViewController.swift */ = {isa = PBXFileReference; lastKnownFileType = sourcecode.swift; path = DetailViewController.swift; sourceTree = "<group>"; };
		A661DDB728FED9E40080E74C /* DetailViewController.xib */ = {isa = PBXFileReference; lastKnownFileType = file.xib; path = DetailViewController.xib; sourceTree = "<group>"; };
		A661DDBB28FEE0320080E74C /* Person.swift */ = {isa = PBXFileReference; lastKnownFileType = sourcecode.swift; path = Person.swift; sourceTree = "<group>"; };
/* End PBXFileReference section */

/* Begin PBXFrameworksBuildPhase section */
		A661DD9628FED78D0080E74C /* Frameworks */ = {
			isa = PBXFrameworksBuildPhase;
			buildActionMask = 2147483647;
			files = (
			);
			runOnlyForDeploymentPostprocessing = 0;
		};
/* End PBXFrameworksBuildPhase section */

/* Begin PBXGroup section */
		A661DD9028FED78D0080E74C = {
			isa = PBXGroup;
			children = (
				A661DD9B28FED78D0080E74C /* ThucHanhPassData */,
				A661DD9A28FED78D0080E74C /* Products */,
			);
			sourceTree = "<group>";
		};
		A661DD9A28FED78D0080E74C /* Products */ = {
			isa = PBXGroup;
			children = (
				A661DD9928FED78D0080E74C /* ThucHanhPassData.app */,
			);
			name = Products;
			sourceTree = "<group>";
		};
		A661DD9B28FED78D0080E74C /* ThucHanhPassData */ = {
			isa = PBXGroup;
			children = (
				A661DD9C28FED78D0080E74C /* AppDelegate.swift */,
				A661DDBA28FEE00C0080E74C /* Models */,
				A661DDB028FED8150080E74C /* InputViewController */,
				A661DDB528FED9C40080E74C /* DetailViewController */,
				A661DDA528FED78E0080E74C /* Assets.xcassets */,
				A661DDA728FED78E0080E74C /* LaunchScreen.storyboard */,
				A661DDAA28FED78E0080E74C /* Info.plist */,
			);
			path = ThucHanhPassData;
			sourceTree = "<group>";
		};
		A661DDB028FED8150080E74C /* InputViewController */ = {
			isa = PBXGroup;
			children = (
				A661DDB128FED8380080E74C /* InputViewController.swift */,
				A661DDB228FED8380080E74C /* InputViewController.xib */,
			);
			path = InputViewController;
			sourceTree = "<group>";
		};
		A661DDB528FED9C40080E74C /* DetailViewController */ = {
			isa = PBXGroup;
			children = (
				A661DDB628FED9E40080E74C /* DetailViewController.swift */,
				A661DDB728FED9E40080E74C /* DetailViewController.xib */,
			);
			path = DetailViewController;
			sourceTree = "<group>";
		};
		A661DDBA28FEE00C0080E74C /* Models */ = {
			isa = PBXGroup;
			children = (
				A661DDBB28FEE0320080E74C /* Person.swift */,
			);
			path = Models;
			sourceTree = "<group>";
		};
/* End PBXGroup section */

/* Begin PBXNativeTarget section */
		A661DD9828FED78D0080E74C /* ThucHanhPassData */ = {
			isa = PBXNativeTarget;
			buildConfigurationList = A661DDAD28FED78E0080E74C /* Build configuration list for PBXNativeTarget "ThucHanhPassData" */;
			buildPhases = (
				A661DD9528FED78D0080E74C /* Sources */,
				A661DD9628FED78D0080E74C /* Frameworks */,
				A661DD9728FED78D0080E74C /* Resources */,
			);
			buildRules = (
			);
			dependencies = (
			);
			name = ThucHanhPassData;
			productName = ThucHanhPassData;
			productReference = A661DD9928FED78D0080E74C /* ThucHanhPassData.app */;
			productType = "com.apple.product-type.application";
		};
/* End PBXNativeTarget section */

/* Begin PBXProject section */
		A661DD9128FED78D0080E74C /* Project object */ = {
			isa = PBXProject;
			attributes = {
				BuildIndependentTargetsInParallel = 1;
				LastSwiftUpdateCheck = 1400;
				LastUpgradeCheck = 1400;
				TargetAttributes = {
					A661DD9828FED78D0080E74C = {
						CreatedOnToolsVersion = 14.0.1;
					};
				};
			};
			buildConfigurationList = A661DD9428FED78D0080E74C /* Build configuration list for PBXProject "ThucHanhPassData" */;
			compatibilityVersion = "Xcode 14.0";
			developmentRegion = en;
			hasScannedForEncodings = 0;
			knownRegions = (
				en,
				Base,
			);
			mainGroup = A661DD9028FED78D0080E74C;
			productRefGroup = A661DD9A28FED78D0080E74C /* Products */;
			projectDirPath = "";
			projectRoot = "";
			targets = (
				A661DD9828FED78D0080E74C /* ThucHanhPassData */,
			);
		};
/* End PBXProject section */

/* Begin PBXResourcesBuildPhase section */
		A661DD9728FED78D0080E74C /* Resources */ = {
			isa = PBXResourcesBuildPhase;
			buildActionMask = 2147483647;
			files = (
				A661DDB428FED8380080E74C /* InputViewController.xib in Resources */,
				A661DDA928FED78E0080E74C /* LaunchScreen.storyboard in Resources */,
				A661DDA628FED78E0080E74C /* Assets.xcassets in Resources */,
				A661DDB928FED9E40080E74C /* DetailViewController.xib in Resources */,
			);
			runOnlyForDeploymentPostprocessing = 0;
		};
/* End PBXResourcesBuildPhase section */

/* Begin PBXSourcesBuildPhase section */
		A661DD9528FED78D0080E74C /* Sources */ = {
			isa = PBXSourcesBuildPhase;
			buildActionMask = 2147483647;
			files = (
				A661DDB828FED9E40080E74C /* DetailViewController.swift in Sources */,
				A661DD9D28FED78D0080E74C /* AppDelegate.swift in Sources */,
				A661DDBC28FEE0320080E74C /* Person.swift in Sources */,
				A661DDB328FED8380080E74C /* InputViewController.swift in Sources */,
			);
			runOnlyForDeploymentPostprocessing = 0;
		};
/* End PBXSourcesBuildPhase section */

/* Begin PBXVariantGroup section */
		A661DDA728FED78E0080E74C /* LaunchScreen.storyboard */ = {
			isa = PBXVariantGroup;
			children = (
				A661DDA828FED78E0080E74C /* Base */,
			);
			name = LaunchScreen.storyboard;
			sourceTree = "<group>";
		};
/* End PBXVariantGroup section */

/* Begin XCBuildConfiguration section */
		A661DDAB28FED78E0080E74C /* Debug */ = {
			isa = XCBuildConfiguration;
			buildSettings = {
				ALWAYS_SEARCH_USER_PATHS = NO;
				CLANG_ANALYZER_NONNULL = YES;
				CLANG_ANALYZER_NUMBER_OBJECT_CONVERSION = YES_AGGRESSIVE;
				CLANG_CXX_LANGUAGE_STANDARD = "gnu++20";
				CLANG_ENABLE_MODULES = YES;
				CLANG_ENABLE_OBJC_ARC = YES;
				CLANG_ENABLE_OBJC_WEAK = YES;
				CLANG_WARN_BLOCK_CAPTURE_AUTORELEASING = YES;
				CLANG_WARN_BOOL_CONVERSION = YES;
				CLANG_WARN_COMMA = YES;
				CLANG_WARN_CONSTANT_CONVERSION = YES;
				CLANG_WARN_DEPRECATED_OBJC_IMPLEMENTATIONS = YES;
				CLANG_WARN_DIRECT_OBJC_ISA_USAGE = YES_ERROR;
				CLANG_WARN_DOCUMENTATION_COMMENTS = YES;
				CLANG_WARN_EMPTY_BODY = YES;
				CLANG_WARN_ENUM_CONVERSION = YES;
				CLANG_WARN_INFINITE_RECURSION = YES;
				CLANG_WARN_INT_CONVERSION = YES;
				CLANG_WARN_NON_LITERAL_NULL_CONVERSION = YES;
				CLANG_WARN_OBJC_IMPLICIT_RETAIN_SELF = YES;
				CLANG_WARN_OBJC_LITERAL_CONVERSION = YES;
				CLANG_WARN_OBJC_ROOT_CLASS = YES_ERROR;
				CLANG_WARN_QUOTED_INCLUDE_IN_FRAMEWORK_HEADER = YES;
				CLANG_WARN_RANGE_LOOP_ANALYSIS = YES;
				CLANG_WARN_STRICT_PROTOTYPES = YES;
				CLANG_WARN_SUSPICIOUS_MOVE = YES;
				CLANG_WARN_UNGUARDED_AVAILABILITY = YES_AGGRESSIVE;
				CLANG_WARN_UNREACHABLE_CODE = YES;
				CLANG_WARN__DUPLICATE_METHOD_MATCH = YES;
				COPY_PHASE_STRIP = NO;
				DEBUG_INFORMATION_FORMAT = dwarf;
				ENABLE_STRICT_OBJC_MSGSEND = YES;
				ENABLE_TESTABILITY = YES;
				GCC_C_LANGUAGE_STANDARD = gnu11;
				GCC_DYNAMIC_NO_PIC = NO;
				GCC_NO_COMMON_BLOCKS = YES;
				GCC_OPTIMIZATION_LEVEL = 0;
				GCC_PREPROCESSOR_DEFINITIONS = (
					"DEBUG=1",
					"$(inherited)",
				);
				GCC_WARN_64_TO_32_BIT_CONVERSION = YES;
				GCC_WARN_ABOUT_RETURN_TYPE = YES_ERROR;
				GCC_WARN_UNDECLARED_SELECTOR = YES;
				GCC_WARN_UNINITIALIZED_AUTOS = YES_AGGRESSIVE;
				GCC_WARN_UNUSED_FUNCTION = YES;
				GCC_WARN_UNUSED_VARIABLE = YES;
				IPHONEOS_DEPLOYMENT_TARGET = 16.0;
				MTL_ENABLE_DEBUG_INFO = INCLUDE_SOURCE;
				MTL_FAST_MATH = YES;
				ONLY_ACTIVE_ARCH = YES;
				SDKROOT = iphoneos;
				SWIFT_ACTIVE_COMPILATION_CONDITIONS = DEBUG;
				SWIFT_OPTIMIZATION_LEVEL = "-Onone";
			};
			name = Debug;
		};
		A661DDAC28FED78E0080E74C /* Release */ = {
			isa = XCBuildConfiguration;
			buildSettings = {
				ALWAYS_SEARCH_USER_PATHS = NO;
				CLANG_ANALYZER_NONNULL = YES;
				CLANG_ANALYZER_NUMBER_OBJECT_CONVERSION = YES_AGGRESSIVE;
				CLANG_CXX_LANGUAGE_STANDARD = "gnu++20";
				CLANG_ENABLE_MODULES = YES;
				CLANG_ENABLE_OBJC_ARC = YES;
				CLANG_ENABLE_OBJC_WEAK = YES;
				CLANG_WARN_BLOCK_CAPTURE_AUTORELEASING = YES;
				CLANG_WARN_BOOL_CONVERSION = YES;
				CLANG_WARN_COMMA = YES;
				CLANG_WARN_CONSTANT_CONVERSION = YES;
				CLANG_WARN_DEPRECATED_OBJC_IMPLEMENTATIONS = YES;
				CLANG_WARN_DIRECT_OBJC_ISA_USAGE = YES_ERROR;
				CLANG_WARN_DOCUMENTATION_COMMENTS = YES;
				CLANG_WARN_EMPTY_BODY = YES;
				CLANG_WARN_ENUM_CONVERSION = YES;
				CLANG_WARN_INFINITE_RECURSION = YES;
				CLANG_WARN_INT_CONVERSION = YES;
				CLANG_WARN_NON_LITERAL_NULL_CONVERSION = YES;
				CLANG_WARN_OBJC_IMPLICIT_RETAIN_SELF = YES;
				CLANG_WARN_OBJC_LITERAL_CONVERSION = YES;
				CLANG_WARN_OBJC_ROOT_CLASS = YES_ERROR;
				CLANG_WARN_QUOTED_INCLUDE_IN_FRAMEWORK_HEADER = YES;
				CLANG_WARN_RANGE_LOOP_ANALYSIS = YES;
				CLANG_WARN_STRICT_PROTOTYPES = YES;
				CLANG_WARN_SUSPICIOUS_MOVE = YES;
				CLANG_WARN_UNGUARDED_AVAILABILITY = YES_AGGRESSIVE;
				CLANG_WARN_UNREACHABLE_CODE = YES;
				CLANG_WARN__DUPLICATE_METHOD_MATCH = YES;
				COPY_PHASE_STRIP = NO;
				DEBUG_INFORMATION_FORMAT = "dwarf-with-dsym";
				ENABLE_NS_ASSERTIONS = NO;
				ENABLE_STRICT_OBJC_MSGSEND = YES;
				GCC_C_LANGUAGE_STANDARD = gnu11;
				GCC_NO_COMMON_BLOCKS = YES;
				GCC_WARN_64_TO_32_BIT_CONVERSION = YES;
				GCC_WARN_ABOUT_RETURN_TYPE = YES_ERROR;
				GCC_WARN_UNDECLARED_SELECTOR = YES;
				GCC_WARN_UNINITIALIZED_AUTOS = YES_AGGRESSIVE;
				GCC_WARN_UNUSED_FUNCTION = YES;
				GCC_WARN_UNUSED_VARIABLE = YES;
				IPHONEOS_DEPLOYMENT_TARGET = 16.0;
				MTL_ENABLE_DEBUG_INFO = NO;
				MTL_FAST_MATH = YES;
				SDKROOT = iphoneos;
				SWIFT_COMPILATION_MODE = wholemodule;
				SWIFT_OPTIMIZATION_LEVEL = "-O";
				VALIDATE_PRODUCT = YES;
			};
			name = Release;
		};
		A661DDAE28FED78E0080E74C /* Debug */ = {
			isa = XCBuildConfiguration;
			buildSettings = {
				ASSETCATALOG_COMPILER_APPICON_NAME = AppIcon;
				ASSETCATALOG_COMPILER_GLOBAL_ACCENT_COLOR_NAME = AccentColor;
				CODE_SIGN_STYLE = Automatic;
				CURRENT_PROJECT_VERSION = 1;
				GENERATE_INFOPLIST_FILE = YES;
				INFOPLIST_FILE = ThucHanhPassData/Info.plist;
				INFOPLIST_KEY_UIApplicationSupportsIndirectInputEvents = YES;
				INFOPLIST_KEY_UILaunchStoryboardName = LaunchScreen;
				INFOPLIST_KEY_UIMainStoryboardFile = "";
				INFOPLIST_KEY_UISupportedInterfaceOrientations_iPad = "UIInterfaceOrientationPortrait UIInterfaceOrientationPortraitUpsideDown UIInterfaceOrientationLandscapeLeft UIInterfaceOrientationLandscapeRight";
				INFOPLIST_KEY_UISupportedInterfaceOrientations_iPhone = "UIInterfaceOrientationPortrait UIInterfaceOrientationLandscapeLeft UIInterfaceOrientationLandscapeRight";
				LD_RUNPATH_SEARCH_PATHS = (
					"$(inherited)",
					"@executable_path/Frameworks",
				);
				MARKETING_VERSION = 1.0;
				PRODUCT_BUNDLE_IDENTIFIER = demogiaodien.ThucHanhPassData;
				PRODUCT_NAME = "$(TARGET_NAME)";
				SWIFT_EMIT_LOC_STRINGS = YES;
				SWIFT_VERSION = 5.0;
				TARGETED_DEVICE_FAMILY = "1,2";
			};
			name = Debug;
		};
		A661DDAF28FED78E0080E74C /* Release */ = {
			isa = XCBuildConfiguration;
			buildSettings = {
				ASSETCATALOG_COMPILER_APPICON_NAME = AppIcon;
				ASSETCATALOG_COMPILER_GLOBAL_ACCENT_COLOR_NAME = AccentColor;
				CODE_SIGN_STYLE = Automatic;
				CURRENT_PROJECT_VERSION = 1;
				GENERATE_INFOPLIST_FILE = YES;
				INFOPLIST_FILE = ThucHanhPassData/Info.plist;
				INFOPLIST_KEY_UIApplicationSupportsIndirectInputEvents = YES;
				INFOPLIST_KEY_UILaunchStoryboardName = LaunchScreen;
				INFOPLIST_KEY_UIMainStoryboardFile = "";
				INFOPLIST_KEY_UISupportedInterfaceOrientations_iPad = "UIInterfaceOrientationPortrait UIInterfaceOrientationPortraitUpsideDown UIInterfaceOrientationLandscapeLeft UIInterfaceOrientationLandscapeRight";
				INFOPLIST_KEY_UISupportedInterfaceOrientations_iPhone = "UIInterfaceOrientationPortrait UIInterfaceOrientationLandscapeLeft UIInterfaceOrientationLandscapeRight";
				LD_RUNPATH_SEARCH_PATHS = (
					"$(inherited)",
					"@executable_path/Frameworks",
				);
				MARKETING_VERSION = 1.0;
				PRODUCT_BUNDLE_IDENTIFIER = demogiaodien.ThucHanhPassData;
				PRODUCT_NAME = "$(TARGET_NAME)";
				SWIFT_EMIT_LOC_STRINGS = YES;
				SWIFT_VERSION = 5.0;
				TARGETED_DEVICE_FAMILY = "1,2";
			};
			name = Release;
		};
/* End XCBuildConfiguration section */

/* Begin XCConfigurationList section */
		A661DD9428FED78D0080E74C /* Build configuration list for PBXProject "ThucHanhPassData" */ = {
			isa = XCConfigurationList;
			buildConfigurations = (
				A661DDAB28FED78E0080E74C /* Debug */,
				A661DDAC28FED78E0080E74C /* Release */,
			);
			defaultConfigurationIsVisible = 0;
			defaultConfigurationName = Release;
		};
		A661DDAD28FED78E0080E74C /* Build configuration list for PBXNativeTarget "ThucHanhPassData" */ = {
			isa = XCConfigurationList;
			buildConfigurations = (
				A661DDAE28FED78E0080E74C /* Debug */,
				A661DDAF28FED78E0080E74C /* Release */,
			);
			defaultConfigurationIsVisible = 0;
			defaultConfigurationName = Release;
		};
/* End XCConfigurationList section */
	};
	rootObject = A661DD9128FED78D0080E74C /* Project object */;
}
